// !$*UTF8*$!
{
	archiveVersion = 1;
	classes = {
	};
	objectVersion = 48;
	objects = {

/* Begin PBXBuildFile section */
		9899321A20B156DC007E2F43 /* AppDelegate.swift in Sources */ = {isa = PBXBuildFile; fileRef = 9899321920B156DC007E2F43 /* AppDelegate.swift */; };
		9899321C20B156DC007E2F43 /* ViewController.swift in Sources */ = {isa = PBXBuildFile; fileRef = 9899321B20B156DC007E2F43 /* ViewController.swift */; };
		9899321F20B156DC007E2F43 /* Main.storyboard in Resources */ = {isa = PBXBuildFile; fileRef = 9899321D20B156DC007E2F43 /* Main.storyboard */; };
		9899322220B156DC007E2F43 /* CarLog.xcdatamodeld in Sources */ = {isa = PBXBuildFile; fileRef = 9899322020B156DC007E2F43 /* CarLog.xcdatamodeld */; };
		9899322420B156DC007E2F43 /* Assets.xcassets in Resources */ = {isa = PBXBuildFile; fileRef = 9899322320B156DC007E2F43 /* Assets.xcassets */; };
		9899322720B156DC007E2F43 /* LaunchScreen.storyboard in Resources */ = {isa = PBXBuildFile; fileRef = 9899322520B156DC007E2F43 /* LaunchScreen.storyboard */; };
		9899322F20B15A42007E2F43 /* Car.swift in Sources */ = {isa = PBXBuildFile; fileRef = 9899322E20B15A42007E2F43 /* Car.swift */; };
		9899323120B16591007E2F43 /* TypeValue.swift in Sources */ = {isa = PBXBuildFile; fileRef = 9899323020B16591007E2F43 /* TypeValue.swift */; };
		98C99B6620B2ADD500D0439A /* Data.swift in Sources */ = {isa = PBXBuildFile; fileRef = 98C99B6520B2ADD500D0439A /* Data.swift */; };
		98FAE36220BB0B850001D08D /* CarList.swift in Sources */ = {isa = PBXBuildFile; fileRef = 98FAE36120BB0B850001D08D /* CarList.swift */; };
/* End PBXBuildFile section */

/* Begin PBXFileReference section */
		9899321620B156DC007E2F43 /* CarLog.app */ = {isa = PBXFileReference; explicitFileType = wrapper.application; includeInIndex = 0; path = CarLog.app; sourceTree = BUILT_PRODUCTS_DIR; };
		9899321920B156DC007E2F43 /* AppDelegate.swift */ = {isa = PBXFileReference; lastKnownFileType = sourcecode.swift; path = AppDelegate.swift; sourceTree = "<group>"; };
		9899321B20B156DC007E2F43 /* ViewController.swift */ = {isa = PBXFileReference; lastKnownFileType = sourcecode.swift; path = ViewController.swift; sourceTree = "<group>"; };
		9899321E20B156DC007E2F43 /* Base */ = {isa = PBXFileReference; lastKnownFileType = file.storyboard; name = Base; path = Base.lproj/Main.storyboard; sourceTree = "<group>"; };
		9899322120B156DC007E2F43 /* CarLog.xcdatamodel */ = {isa = PBXFileReference; lastKnownFileType = wrapper.xcdatamodel; path = CarLog.xcdatamodel; sourceTree = "<group>"; };
		9899322320B156DC007E2F43 /* Assets.xcassets */ = {isa = PBXFileReference; lastKnownFileType = folder.assetcatalog; path = Assets.xcassets; sourceTree = "<group>"; };
		9899322620B156DC007E2F43 /* Base */ = {isa = PBXFileReference; lastKnownFileType = file.storyboard; name = Base; path = Base.lproj/LaunchScreen.storyboard; sourceTree = "<group>"; };
		9899322820B156DC007E2F43 /* Info.plist */ = {isa = PBXFileReference; lastKnownFileType = text.plist.xml; path = Info.plist; sourceTree = "<group>"; };
		9899322E20B15A42007E2F43 /* Car.swift */ = {isa = PBXFileReference; lastKnownFileType = sourcecode.swift; path = Car.swift; sourceTree = "<group>"; };
		9899323020B16591007E2F43 /* TypeValue.swift */ = {isa = PBXFileReference; lastKnownFileType = sourcecode.swift; path = TypeValue.swift; sourceTree = "<group>"; };
		98C99B6520B2ADD500D0439A /* Data.swift */ = {isa = PBXFileReference; lastKnownFileType = sourcecode.swift; path = Data.swift; sourceTree = "<group>"; };
		98FAE36120BB0B850001D08D /* CarList.swift */ = {isa = PBXFileReference; lastKnownFileType = sourcecode.swift; path = CarList.swift; sourceTree = "<group>"; };
/* End PBXFileReference section */

/* Begin PBXFrameworksBuildPhase section */
		9899321320B156DC007E2F43 /* Frameworks */ = {
			isa = PBXFrameworksBuildPhase;
			buildActionMask = 2147483647;
			files = (
			);
			runOnlyForDeploymentPostprocessing = 0;
		};
/* End PBXFrameworksBuildPhase section */

/* Begin PBXGroup section */
		9899320D20B156DC007E2F43 = {
			isa = PBXGroup;
			children = (
				9899321820B156DC007E2F43 /* CarLog */,
				9899321720B156DC007E2F43 /* Products */,
			);
			sourceTree = "<group>";
		};
		9899321720B156DC007E2F43 /* Products */ = {
			isa = PBXGroup;
			children = (
				9899321620B156DC007E2F43 /* CarLog.app */,
			);
			name = Products;
			sourceTree = "<group>";
		};
		9899321820B156DC007E2F43 /* CarLog */ = {
			isa = PBXGroup;
			children = (
				9899321920B156DC007E2F43 /* AppDelegate.swift */,
				9899321B20B156DC007E2F43 /* ViewController.swift */,
				9899321D20B156DC007E2F43 /* Main.storyboard */,
				9899322320B156DC007E2F43 /* Assets.xcassets */,
				9899322520B156DC007E2F43 /* LaunchScreen.storyboard */,
				9899322820B156DC007E2F43 /* Info.plist */,
				9899322020B156DC007E2F43 /* CarLog.xcdatamodeld */,
				9899322E20B15A42007E2F43 /* Car.swift */,
				9899323020B16591007E2F43 /* TypeValue.swift */,
				98C99B6520B2ADD500D0439A /* Data.swift */,
				98FAE36120BB0B850001D08D /* CarList.swift */,
			);
			path = CarLog;
			sourceTree = "<group>";
		};
/* End PBXGroup section */

/* Begin PBXNativeTarget section */
		9899321520B156DC007E2F43 /* CarLog */ = {
			isa = PBXNativeTarget;
			buildConfigurationList = 9899322B20B156DC007E2F43 /* Build configuration list for PBXNativeTarget "CarLog" */;
			buildPhases = (
				9899321220B156DC007E2F43 /* Sources */,
				9899321320B156DC007E2F43 /* Frameworks */,
				9899321420B156DC007E2F43 /* Resources */,
			);
			buildRules = (
			);
			dependencies = (
			);
			name = CarLog;
			productName = CarLog;
			productReference = 9899321620B156DC007E2F43 /* CarLog.app */;
			productType = "com.apple.product-type.application";
		};
/* End PBXNativeTarget section */

/* Begin PBXProject section */
		9899320E20B156DC007E2F43 /* Project object */ = {
			isa = PBXProject;
			attributes = {
				LastSwiftUpdateCheck = 0920;
				LastUpgradeCheck = 0920;
				ORGANIZATIONNAME = Hyuni89;
				TargetAttributes = {
					9899321520B156DC007E2F43 = {
						CreatedOnToolsVersion = 9.2;
						ProvisioningStyle = Automatic;
					};
				};
			};
			buildConfigurationList = 9899321120B156DC007E2F43 /* Build configuration list for PBXProject "CarLog" */;
			compatibilityVersion = "Xcode 8.0";
			developmentRegion = en;
			hasScannedForEncodings = 0;
			knownRegions = (
				en,
				Base,
			);
			mainGroup = 9899320D20B156DC007E2F43;
			productRefGroup = 9899321720B156DC007E2F43 /* Products */;
			projectDirPath = "";
			projectRoot = "";
			targets = (
				9899321520B156DC007E2F43 /* CarLog */,
			);
		};
/* End PBXProject section */

/* Begin PBXResourcesBuildPhase section */
		9899321420B156DC007E2F43 /* Resources */ = {
			isa = PBXResourcesBuildPhase;
			buildActionMask = 2147483647;
			files = (
				9899322720B156DC007E2F43 /* LaunchScreen.storyboard in Resources */,
				9899322420B156DC007E2F43 /* Assets.xcassets in Resources */,
				9899321F20B156DC007E2F43 /* Main.storyboard in Resources */,
			);
			runOnlyForDeploymentPostprocessing = 0;
		};
/* End PBXResourcesBuildPhase section */

/* Begin PBXSourcesBuildPhase section */
		9899321220B156DC007E2F43 /* Sources */ = {
			isa = PBXSourcesBuildPhase;
			buildActionMask = 2147483647;
			files = (
				9899323120B16591007E2F43 /* TypeValue.swift in Sources */,
				98C99B6620B2ADD500D0439A /* Data.swift in Sources */,
				9899321C20B156DC007E2F43 /* ViewController.swift in Sources */,
				9899321A20B156DC007E2F43 /* AppDelegate.swift in Sources */,
				98FAE36220BB0B850001D08D /* CarList.swift in Sources */,
				9899322F20B15A42007E2F43 /* Car.swift in Sources */,
				9899322220B156DC007E2F43 /* CarLog.xcdatamodeld in Sources */,
			);
			runOnlyForDeploymentPostprocessing = 0;
		};
/* End PBXSourcesBuildPhase section */

/* Begin PBXVariantGroup section */
		9899321D20B156DC007E2F43 /* Main.storyboard */ = {
			isa = PBXVariantGroup;
			children = (
				9899321E20B156DC007E2F43 /* Base */,
			);
			name = Main.storyboard;
			sourceTree = "<group>";
		};
		9899322520B156DC007E2F43 /* LaunchScreen.storyboard */ = {
			isa = PBXVariantGroup;
			children = (
				9899322620B156DC007E2F43 /* Base */,
			);
			name = LaunchScreen.storyboard;
			sourceTree = "<group>";
		};
/* End PBXVariantGroup section */

/* Begin XCBuildConfiguration section */
		9899322920B156DC007E2F43 /* Debug */ = {
			isa = XCBuildConfiguration;
			buildSettings = {
				ALWAYS_SEARCH_USER_PATHS = NO;
				CLANG_ANALYZER_NONNULL = YES;
				CLANG_ANALYZER_NUMBER_OBJECT_CONVERSION = YES_AGGRESSIVE;
				CLANG_CXX_LANGUAGE_STANDARD = "gnu++14";
				CLANG_CXX_LIBRARY = "libc++";
				CLANG_ENABLE_MODULES = YES;
				CLANG_ENABLE_OBJC_ARC = YES;
				CLANG_WARN_BLOCK_CAPTURE_AUTORELEASING = YES;
				CLANG_WARN_BOOL_CONVERSION = YES;
				CLANG_WARN_COMMA = YES;
				CLANG_WARN_CONSTANT_CONVERSION = YES;
				CLANG_WARN_DIRECT_OBJC_ISA_USAGE = YES_ERROR;
				CLANG_WARN_DOCUMENTATION_COMMENTS = YES;
				CLANG_WARN_EMPTY_BODY = YES;
				CLANG_WARN_ENUM_CONVERSION = YES;
				CLANG_WARN_INFINITE_RECURSION = YES;
				CLANG_WARN_INT_CONVERSION = YES;
				CLANG_WARN_NON_LITERAL_NULL_CONVERSION = YES;
				CLANG_WARN_OBJC_LITERAL_CONVERSION = YES;
				CLANG_WARN_OBJC_ROOT_CLASS = YES_ERROR;
				CLANG_WARN_RANGE_LOOP_ANALYSIS = YES;
				CLANG_WARN_STRICT_PROTOTYPES = YES;
				CLANG_WARN_SUSPICIOUS_MOVE = YES;
				CLANG_WARN_UNGUARDED_AVAILABILITY = YES_AGGRESSIVE;
				CLANG_WARN_UNREACHABLE_CODE = YES;
				CLANG_WARN__DUPLICATE_METHOD_MATCH = YES;
				CODE_SIGN_IDENTITY = "iPhone Developer";
				COPY_PHASE_STRIP = NO;
				DEBUG_INFORMATION_FORMAT = dwarf;
				ENABLE_STRICT_OBJC_MSGSEND = YES;
				ENABLE_TESTABILITY = YES;
				GCC_C_LANGUAGE_STANDARD = gnu11;
				GCC_DYNAMIC_NO_PIC = NO;
				GCC_NO_COMMON_BLOCKS = YES;
				GCC_OPTIMIZATION_LEVEL = 0;
				GCC_PREPROCESSOR_DEFINITIONS = (
					"DEBUG=1",
					"$(inherited)",
				);
				GCC_WARN_64_TO_32_BIT_CONVERSION = YES;
				GCC_WARN_ABOUT_RETURN_TYPE = YES_ERROR;
				GCC_WARN_UNDECLARED_SELECTOR = YES;
				GCC_WARN_UNINITIALIZED_AUTOS = YES_AGGRESSIVE;
				GCC_WARN_UNUSED_FUNCTION = YES;
				GCC_WARN_UNUSED_VARIABLE = YES;
				IPHONEOS_DEPLOYMENT_TARGET = 11.2;
				MTL_ENABLE_DEBUG_INFO = YES;
				ONLY_ACTIVE_ARCH = YES;
				SDKROOT = iphoneos;
				SWIFT_ACTIVE_COMPILATION_CONDITIONS = DEBUG;
				SWIFT_OPTIMIZATION_LEVEL = "-Onone";
			};
			name = Debug;
		};
		9899322A20B156DC007E2F43 /* Release */ = {
			isa = XCBuildConfiguration;
			buildSettings = {
				ALWAYS_SEARCH_USER_PATHS = NO;
				CLANG_ANALYZER_NONNULL = YES;
				CLANG_ANALYZER_NUMBER_OBJECT_CONVERSION = YES_AGGRESSIVE;
				CLANG_CXX_LANGUAGE_STANDARD = "gnu++14";
				CLANG_CXX_LIBRARY = "libc++";
				CLANG_ENABLE_MODULES = YES;
				CLANG_ENABLE_OBJC_ARC = YES;
				CLANG_WARN_BLOCK_CAPTURE_AUTORELEASING = YES;
				CLANG_WARN_BOOL_CONVERSION = YES;
				CLANG_WARN_COMMA = YES;
				CLANG_WARN_CONSTANT_CONVERSION = YES;
				CLANG_WARN_DIRECT_OBJC_ISA_USAGE = YES_ERROR;
				CLANG_WARN_DOCUMENTATION_COMMENTS = YES;
				CLANG_WARN_EMPTY_BODY = YES;
				CLANG_WARN_ENUM_CONVERSION = YES;
				CLANG_WARN_INFINITE_RECURSION = YES;
				CLANG_WARN_INT_CONVERSION = YES;
				CLANG_WARN_NON_LITERAL_NULL_CONVERSION = YES;
				CLANG_WARN_OBJC_LITERAL_CONVERSION = YES;
				CLANG_WARN_OBJC_ROOT_CLASS = YES_ERROR;
				CLANG_WARN_RANGE_LOOP_ANALYSIS = YES;
				CLANG_WARN_STRICT_PROTOTYPES = YES;
				CLANG_WARN_SUSPICIOUS_MOVE = YES;
				CLANG_WARN_UNGUARDED_AVAILABILITY = YES_AGGRESSIVE;
				CLANG_WARN_UNREACHABLE_CODE = YES;
				CLANG_WARN__DUPLICATE_METHOD_MATCH = YES;
				CODE_SIGN_IDENTITY = "iPhone Developer";
				COPY_PHASE_STRIP = NO;
				DEBUG_INFORMATION_FORMAT = "dwarf-with-dsym";
				ENABLE_NS_ASSERTIONS = NO;
				ENABLE_STRICT_OBJC_MSGSEND = YES;
				GCC_C_LANGUAGE_STANDARD = gnu11;
				GCC_NO_COMMON_BLOCKS = YES;
				GCC_WARN_64_TO_32_BIT_CONVERSION = YES;
				GCC_WARN_ABOUT_RETURN_TYPE = YES_ERROR;
				GCC_WARN_UNDECLARED_SELECTOR = YES;
				GCC_WARN_UNINITIALIZED_AUTOS = YES_AGGRESSIVE;
				GCC_WARN_UNUSED_FUNCTION = YES;
				GCC_WARN_UNUSED_VARIABLE = YES;
				IPHONEOS_DEPLOYMENT_TARGET = 11.2;
				MTL_ENABLE_DEBUG_INFO = NO;
				SDKROOT = iphoneos;
				SWIFT_OPTIMIZATION_LEVEL = "-Owholemodule";
				VALIDATE_PRODUCT = YES;
			};
			name = Release;
		};
		9899322C20B156DC007E2F43 /* Debug */ = {
			isa = XCBuildConfiguration;
			buildSettings = {
				ASSETCATALOG_COMPILER_APPICON_NAME = AppIcon;
				CODE_SIGN_STYLE = Automatic;
				INFOPLIST_FILE = CarLog/Info.plist;
				LD_RUNPATH_SEARCH_PATHS = "$(inherited) @executable_path/Frameworks";
				PRODUCT_BUNDLE_IDENTIFIER = Hyuni89.CarLog;
				PRODUCT_NAME = "$(TARGET_NAME)";
				SWIFT_VERSION = 4.0;
				TARGETED_DEVICE_FAMILY = "1,2";
			};
			name = Debug;
		};
		9899322D20B156DC007E2F43 /* Release */ = {
			isa = XCBuildConfiguration;
			buildSettings = {
				ASSETCATALOG_COMPILER_APPICON_NAME = AppIcon;
				CODE_SIGN_STYLE = Automatic;
				INFOPLIST_FILE = CarLog/Info.plist;
				LD_RUNPATH_SEARCH_PATHS = "$(inherited) @executable_path/Frameworks";
				PRODUCT_BUNDLE_IDENTIFIER = Hyuni89.CarLog;
				PRODUCT_NAME = "$(TARGET_NAME)";
				SWIFT_VERSION = 4.0;
				TARGETED_DEVICE_FAMILY = "1,2";
			};
			name = Release;
		};
/* End XCBuildConfiguration section */

/* Begin XCConfigurationList section */
		9899321120B156DC007E2F43 /* Build configuration list for PBXProject "CarLog" */ = {
			isa = XCConfigurationList;
			buildConfigurations = (
				9899322920B156DC007E2F43 /* Debug */,
				9899322A20B156DC007E2F43 /* Release */,
			);
			defaultConfigurationIsVisible = 0;
			defaultConfigurationName = Release;
		};
		9899322B20B156DC007E2F43 /* Build configuration list for PBXNativeTarget "CarLog" */ = {
			isa = XCConfigurationList;
			buildConfigurations = (
				9899322C20B156DC007E2F43 /* Debug */,
				9899322D20B156DC007E2F43 /* Release */,
			);
			defaultConfigurationIsVisible = 0;
			defaultConfigurationName = Release;
		};
/* End XCConfigurationList section */

/* Begin XCVersionGroup section */
		9899322020B156DC007E2F43 /* CarLog.xcdatamodeld */ = {
			isa = XCVersionGroup;
			children = (
				9899322120B156DC007E2F43 /* CarLog.xcdatamodel */,
			);
			currentVersion = 9899322120B156DC007E2F43 /* CarLog.xcdatamodel */;
			path = CarLog.xcdatamodeld;
			sourceTree = "<group>";
			versionGroupType = wrapper.xcdatamodel;
		};
/* End XCVersionGroup section */
	};
	rootObject = 9899320E20B156DC007E2F43 /* Project object */;
}
